
Microsoft Visual Studio Solution File, Format Version 12.00
# Visual Studio Version 17
VisualStudioVersion = 17.13.35818.85 d17.13
MinimumVisualStudioVersion = 10.0.40219.1
Project("{FAE04EC0-301F-11D3-BF4B-00C04F79EFBC}") = "bai16_FormatTextt", "bai16_FormatTextt\bai16_FormatTextt.csproj", "{53C34E3C-2DDB-4813-9902-30648B9F3934}"
EndProject
Global
	GlobalSection(SolutionConfigurationPlatforms) = preSolution
		Debug|Any CPU = Debug|Any CPU
		Release|Any CPU = Release|Any CPU
	EndGlobalSection
	GlobalSection(ProjectConfigurationPlatforms) = postSolution
		{53C34E3C-2DDB-4813-9902-30648B9F3934}.Debug|Any CPU.ActiveCfg = Debug|Any CPU
		{53C34E3C-2DDB-4813-9902-30648B9F3934}.Debug|Any CPU.Build.0 = Debug|Any CPU
		{53C34E3C-2DDB-4813-9902-30648B9F3934}.Release|Any CPU.ActiveCfg = Release|Any CPU
		{53C34E3C-2DDB-4813-9902-30648B9F3934}.Release|Any CPU.Build.0 = Release|Any CPU
	EndGlobalSection
	GlobalSection(SolutionProperties) = preSolution
		HideSolutionNode = FALSE
	EndGlobalSection
	GlobalSection(ExtensibilityGlobals) = postSolution
		SolutionGuid = {C975C30D-102B-4B99-9690-46517DFBC38F}
	EndGlobalSection
EndGlobal
